
Microsoft Visual Studio Solution File, Format Version 12.00
# Visual Studio Version 17
VisualStudioVersion = 17.9.34701.34
MinimumVisualStudioVersion = 10.0.40219.1
Project("{9A19103F-16F7-4668-BE54-9A1E7A4F7556}") = "WebApp", "AlcoMetrics.Backend\WebApp.csproj", "{49AEC3A3-1C0C-4740-8D2B-7F71722B7521}"
EndProject
Global
	GlobalSection(SolutionConfigurationPlatforms) = preSolution
		Debug|Any CPU = Debug|Any CPU
		Release|Any CPU = Release|Any CPU
	EndGlobalSection
	GlobalSection(ProjectConfigurationPlatforms) = postSolution
		{49AEC3A3-1C0C-4740-8D2B-7F71722B7521}.Debug|Any CPU.ActiveCfg = Debug|Any CPU
		{49AEC3A3-1C0C-4740-8D2B-7F71722B7521}.Debug|Any CPU.Build.0 = Debug|Any CPU
		{49AEC3A3-1C0C-4740-8D2B-7F71722B7521}.Release|Any CPU.ActiveCfg = Release|Any CPU
		{49AEC3A3-1C0C-4740-8D2B-7F71722B7521}.Release|Any CPU.Build.0 = Release|Any CPU
	EndGlobalSection
	GlobalSection(SolutionProperties) = preSolution
		HideSolutionNode = FALSE
	EndGlobalSection
	GlobalSection(ExtensibilityGlobals) = postSolution
		SolutionGuid = {589FFE83-F118-4E3F-96EA-29A1AD99EEB8}
	EndGlobalSection
EndGlobal
